<?xml version="1.0" encoding="UTF-8"?>
<!DOCTYPE plist PUBLIC "-//Apple//DTD PLIST 1.0//EN" "http://www.apple.com/DTDs/PropertyList-1.0.dtd">
<plist version="1.0">
<dict>
	<key>archiveVersion</key>
	<string>1</string>
	<key>classes</key>
	<dict/>
	<key>objectVersion</key>
	<string>46</string>
	<key>objects</key>
	<dict>
		<key>02B7050008D187F31E5984E5</key>
		<dict>
			<key>includeInIndex</key>
			<string>1</string>
			<key>isa</key>
			<string>PBXFileReference</string>
			<key>lastKnownFileType</key>
			<string>text.xcconfig</string>
			<key>name</key>
			<string>Pods.release.xcconfig</string>
			<key>path</key>
			<string>Pods/Target Support Files/Pods/Pods.release.xcconfig</string>
			<key>sourceTree</key>
			<string>&lt;group&gt;</string>
		</dict>
		<key>2B0A557224C57AE3AFF1B316</key>
		<dict>
			<key>buildActionMask</key>
			<string>2147483647</string>
			<key>files</key>
			<array/>
			<key>inputPaths</key>
			<array/>
			<key>isa</key>
			<string>PBXShellScriptBuildPhase</string>
			<key>name</key>
			<string>Copy Pods Resources</string>
			<key>outputPaths</key>
			<array/>
			<key>runOnlyForDeploymentPostprocessing</key>
			<string>0</string>
			<key>shellPath</key>
			<string>/bin/sh</string>
			<key>shellScript</key>
			<string>"${SRCROOT}/Pods/Target Support Files/Pods/Pods-resources.sh"
</string>
			<key>showEnvVarsInLog</key>
			<string>0</string>
		</dict>
		<key>4029F8A234AB769BE5281CAB</key>
		<dict>
			<key>children</key>
			<array>
				<string>47C718BF2DE5DD8E2840B8A4</string>
				<string>02B7050008D187F31E5984E5</string>
			</array>
			<key>isa</key>
			<string>PBXGroup</string>
			<key>name</key>
			<string>Pods</string>
			<key>sourceTree</key>
			<string>&lt;group&gt;</string>
		</dict>
		<key>47C718BF2DE5DD8E2840B8A4</key>
		<dict>
			<key>includeInIndex</key>
			<string>1</string>
			<key>isa</key>
			<string>PBXFileReference</string>
			<key>lastKnownFileType</key>
			<string>text.xcconfig</string>
			<key>name</key>
			<string>Pods.debug.xcconfig</string>
			<key>path</key>
			<string>Pods/Target Support Files/Pods/Pods.debug.xcconfig</string>
			<key>sourceTree</key>
			<string>&lt;group&gt;</string>
		</dict>
		<key>6E7E272216FE1F5700173C51</key>
		<dict>
			<key>children</key>
			<array>
				<string>6E7E273416FE1F5700173C51</string>
				<string>6E7E272D16FE1F5700173C51</string>
				<string>6E7E272C16FE1F5700173C51</string>
				<string>4029F8A234AB769BE5281CAB</string>
			</array>
			<key>isa</key>
			<string>PBXGroup</string>
			<key>sourceTree</key>
			<string>&lt;group&gt;</string>
		</dict>
		<key>6E7E272316FE1F5700173C51</key>
		<dict>
			<key>attributes</key>
			<dict>
				<key>LastUpgradeCheck</key>
				<string>0460</string>
				<key>ORGANIZATIONNAME</key>
				<string>wrkstrm</string>
			</dict>
			<key>buildConfigurationList</key>
			<string>6E7E272616FE1F5700173C51</string>
			<key>compatibilityVersion</key>
			<string>Xcode 3.2</string>
			<key>developmentRegion</key>
			<string>English</string>
			<key>hasScannedForEncodings</key>
			<string>0</string>
			<key>isa</key>
			<string>PBXProject</string>
			<key>knownRegions</key>
			<array>
				<string>en</string>
			</array>
			<key>mainGroup</key>
			<string>6E7E272216FE1F5700173C51</string>
			<key>productRefGroup</key>
			<string>6E7E272C16FE1F5700173C51</string>
			<key>projectDirPath</key>
			<string></string>
			<key>projectReferences</key>
			<array/>
			<key>projectRoot</key>
			<string></string>
			<key>targets</key>
			<array>
				<string>6E7E272A16FE1F5700173C51</string>
			</array>
		</dict>
		<key>6E7E272616FE1F5700173C51</key>
		<dict>
			<key>buildConfigurations</key>
			<array>
				<string>6E7E274F16FE1F5700173C51</string>
				<string>6E7E275016FE1F5700173C51</string>
			</array>
			<key>defaultConfigurationIsVisible</key>
			<string>0</string>
			<key>defaultConfigurationName</key>
			<string>Release</string>
			<key>isa</key>
			<string>XCConfigurationList</string>
		</dict>
		<key>6E7E272716FE1F5700173C51</key>
		<dict>
			<key>buildActionMask</key>
			<string>2147483647</string>
			<key>files</key>
			<array>
				<string>6E7E273B16FE1F5700173C51</string>
				<string>6E7E273F16FE1F5700173C51</string>
				<string>6E7E274E16FE1F5700173C51</string>
				<string>6E7E275916FE1FA900173C51</string>
				<string>6E7E276416FE20EF00173C51</string>
				<string>6E7E276516FE20EF00173C51</string>
				<string>6E7E276616FE20EF00173C51</string>
				<string>6E7E276916FE211100173C51</string>
			</array>
			<key>isa</key>
			<string>PBXSourcesBuildPhase</string>
			<key>runOnlyForDeploymentPostprocessing</key>
			<string>0</string>
		</dict>
		<key>6E7E272816FE1F5700173C51</key>
		<dict>
			<key>buildActionMask</key>
			<string>2147483647</string>
			<key>files</key>
			<array>
				<string>6E7E275D16FE208E00173C51</string>
				<string>6E7E272F16FE1F5700173C51</string>
				<string>6E7E273116FE1F5700173C51</string>
				<string>6E7E273316FE1F5700173C51</string>
				<string>BE86D063F7B193CBD2996C21</string>
			</array>
			<key>isa</key>
			<string>PBXFrameworksBuildPhase</string>
			<key>runOnlyForDeploymentPostprocessing</key>
			<string>0</string>
		</dict>
		<key>6E7E272916FE1F5700173C51</key>
		<dict>
			<key>buildActionMask</key>
			<string>2147483647</string>
			<key>files</key>
			<array>
				<string>6E7E273916FE1F5700173C51</string>
				<string>6E7E274116FE1F5700173C51</string>
				<string>6E7E274316FE1F5700173C51</string>
				<string>6E7E274516FE1F5700173C51</string>
				<string>6E7E274816FE1F5700173C51</string>
				<string>6E7E274B16FE1F5700173C51</string>
			</array>
			<key>isa</key>
			<string>PBXResourcesBuildPhase</string>
			<key>runOnlyForDeploymentPostprocessing</key>
			<string>0</string>
		</dict>
		<key>6E7E272A16FE1F5700173C51</key>
		<dict>
			<key>buildConfigurationList</key>
			<string>6E7E275116FE1F5700173C51</string>
			<key>buildPhases</key>
			<array>
				<string>CDB11D6718C365C91DC7CC03</string>
				<string>6E7E272716FE1F5700173C51</string>
				<string>6E7E272816FE1F5700173C51</string>
				<string>6E7E272916FE1F5700173C51</string>
				<string>2B0A557224C57AE3AFF1B316</string>
			</array>
			<key>buildRules</key>
			<array/>
			<key>dependencies</key>
			<array/>
			<key>isa</key>
			<string>PBXNativeTarget</string>
			<key>name</key>
			<string>Graviewty</string>
			<key>productName</key>
			<string>Graviewty</string>
			<key>productReference</key>
			<string>6E7E272B16FE1F5700173C51</string>
			<key>productType</key>
			<string>com.apple.product-type.application</string>
		</dict>
		<key>6E7E272B16FE1F5700173C51</key>
		<dict>
			<key>explicitFileType</key>
			<string>wrapper.application</string>
			<key>includeInIndex</key>
			<string>0</string>
			<key>isa</key>
			<string>PBXFileReference</string>
			<key>path</key>
			<string>Graviewty.app</string>
			<key>sourceTree</key>
			<string>BUILT_PRODUCTS_DIR</string>
		</dict>
		<key>6E7E272C16FE1F5700173C51</key>
		<dict>
			<key>children</key>
			<array>
				<string>6E7E272B16FE1F5700173C51</string>
			</array>
			<key>isa</key>
			<string>PBXGroup</string>
			<key>name</key>
			<string>Products</string>
			<key>sourceTree</key>
			<string>&lt;group&gt;</string>
		</dict>
		<key>6E7E272D16FE1F5700173C51</key>
		<dict>
			<key>children</key>
			<array>
				<string>6E7E275C16FE208E00173C51</string>
				<string>6E7E272E16FE1F5700173C51</string>
				<string>6E7E273016FE1F5700173C51</string>
				<string>6E7E273216FE1F5700173C51</string>
				<string>9D136EC3349E3864A3F3A053</string>
			</array>
			<key>isa</key>
			<string>PBXGroup</string>
			<key>name</key>
			<string>Frameworks</string>
			<key>sourceTree</key>
			<string>&lt;group&gt;</string>
		</dict>
		<key>6E7E272E16FE1F5700173C51</key>
		<dict>
			<key>isa</key>
			<string>PBXFileReference</string>
			<key>lastKnownFileType</key>
			<string>wrapper.framework</string>
			<key>name</key>
			<string>UIKit.framework</string>
			<key>path</key>
			<string>System/Library/Frameworks/UIKit.framework</string>
			<key>sourceTree</key>
			<string>SDKROOT</string>
		</dict>
		<key>6E7E272F16FE1F5700173C51</key>
		<dict>
			<key>fileRef</key>
			<string>6E7E272E16FE1F5700173C51</string>
			<key>isa</key>
			<string>PBXBuildFile</string>
		</dict>
		<key>6E7E273016FE1F5700173C51</key>
		<dict>
			<key>isa</key>
			<string>PBXFileReference</string>
			<key>lastKnownFileType</key>
			<string>wrapper.framework</string>
			<key>name</key>
			<string>Foundation.framework</string>
			<key>path</key>
			<string>System/Library/Frameworks/Foundation.framework</string>
			<key>sourceTree</key>
			<string>SDKROOT</string>
		</dict>
		<key>6E7E273116FE1F5700173C51</key>
		<dict>
			<key>fileRef</key>
			<string>6E7E273016FE1F5700173C51</string>
			<key>isa</key>
			<string>PBXBuildFile</string>
		</dict>
		<key>6E7E273216FE1F5700173C51</key>
		<dict>
			<key>isa</key>
			<string>PBXFileReference</string>
			<key>lastKnownFileType</key>
			<string>wrapper.framework</string>
			<key>name</key>
			<string>CoreGraphics.framework</string>
			<key>path</key>
			<string>System/Library/Frameworks/CoreGraphics.framework</string>
			<key>sourceTree</key>
			<string>SDKROOT</string>
		</dict>
		<key>6E7E273316FE1F5700173C51</key>
		<dict>
			<key>fileRef</key>
			<string>6E7E273216FE1F5700173C51</string>
			<key>isa</key>
			<string>PBXBuildFile</string>
		</dict>
		<key>6E7E273416FE1F5700173C51</key>
		<dict>
			<key>children</key>
			<array>
				<string>6E7E273D16FE1F5700173C51</string>
				<string>6E7E273E16FE1F5700173C51</string>
				<string>6E7E274616FE1F5700173C51</string>
				<string>6E7E274916FE1F5700173C51</string>
				<string>6E7E274C16FE1F5700173C51</string>
				<string>6E7E274D16FE1F5700173C51</string>
				<string>6E7E275E16FE20EF00173C51</string>
				<string>6E7E275F16FE20EF00173C51</string>
				<string>6E7E276016FE20EF00173C51</string>
				<string>6E7E276116FE20EF00173C51</string>
				<string>6E7E276216FE20EF00173C51</string>
				<string>6E7E276316FE20EF00173C51</string>
				<string>6E7E275616FE1FA900173C51</string>
				<string>6E7E275716FE1FA900173C51</string>
				<string>6E7E276716FE211100173C51</string>
				<string>6E7E276816FE211100173C51</string>
				<string>6E7E273516FE1F5700173C51</string>
			</array>
			<key>isa</key>
			<string>PBXGroup</string>
			<key>path</key>
			<string>Graviewty</string>
			<key>sourceTree</key>
			<string>&lt;group&gt;</string>
		</dict>
		<key>6E7E273516FE1F5700173C51</key>
		<dict>
			<key>children</key>
			<array>
				<string>6E7E273616FE1F5700173C51</string>
				<string>6E7E273716FE1F5700173C51</string>
				<string>6E7E273A16FE1F5700173C51</string>
				<string>6E7E273C16FE1F5700173C51</string>
				<string>6E7E274016FE1F5700173C51</string>
				<string>6E7E274216FE1F5700173C51</string>
				<string>6E7E274416FE1F5700173C51</string>
			</array>
			<key>isa</key>
			<string>PBXGroup</string>
			<key>name</key>
			<string>Supporting Files</string>
			<key>sourceTree</key>
			<string>&lt;group&gt;</string>
		</dict>
		<key>6E7E273616FE1F5700173C51</key>
		<dict>
			<key>isa</key>
			<string>PBXFileReference</string>
			<key>lastKnownFileType</key>
			<string>text.plist.xml</string>
			<key>path</key>
			<string>Graviewty-Info.plist</string>
			<key>sourceTree</key>
			<string>&lt;group&gt;</string>
		</dict>
		<key>6E7E273716FE1F5700173C51</key>
		<dict>
			<key>children</key>
			<array>
				<string>6E7E273816FE1F5700173C51</string>
			</array>
			<key>isa</key>
			<string>PBXVariantGroup</string>
			<key>name</key>
			<string>InfoPlist.strings</string>
			<key>sourceTree</key>
			<string>&lt;group&gt;</string>
		</dict>
		<key>6E7E273816FE1F5700173C51</key>
		<dict>
			<key>isa</key>
			<string>PBXFileReference</string>
			<key>lastKnownFileType</key>
			<string>text.plist.strings</string>
			<key>name</key>
			<string>en</string>
			<key>path</key>
			<string>en.lproj/InfoPlist.strings</string>
			<key>sourceTree</key>
			<string>&lt;group&gt;</string>
		</dict>
		<key>6E7E273916FE1F5700173C51</key>
		<dict>
			<key>fileRef</key>
			<string>6E7E273716FE1F5700173C51</string>
			<key>isa</key>
			<string>PBXBuildFile</string>
		</dict>
		<key>6E7E273A16FE1F5700173C51</key>
		<dict>
			<key>isa</key>
			<string>PBXFileReference</string>
			<key>lastKnownFileType</key>
			<string>sourcecode.c.objc</string>
			<key>path</key>
			<string>main.m</string>
			<key>sourceTree</key>
			<string>&lt;group&gt;</string>
		</dict>
		<key>6E7E273B16FE1F5700173C51</key>
		<dict>
			<key>fileRef</key>
			<string>6E7E273A16FE1F5700173C51</string>
			<key>isa</key>
			<string>PBXBuildFile</string>
		</dict>
		<key>6E7E273C16FE1F5700173C51</key>
		<dict>
			<key>isa</key>
			<string>PBXFileReference</string>
			<key>lastKnownFileType</key>
			<string>sourcecode.c.h</string>
			<key>path</key>
			<string>Graviewty-Prefix.pch</string>
			<key>sourceTree</key>
			<string>&lt;group&gt;</string>
		</dict>
		<key>6E7E273D16FE1F5700173C51</key>
		<dict>
			<key>isa</key>
			<string>PBXFileReference</string>
			<key>lastKnownFileType</key>
			<string>sourcecode.c.h</string>
			<key>path</key>
			<string>AppDelegate.h</string>
			<key>sourceTree</key>
			<string>&lt;group&gt;</string>
		</dict>
		<key>6E7E273E16FE1F5700173C51</key>
		<dict>
			<key>isa</key>
			<string>PBXFileReference</string>
			<key>lastKnownFileType</key>
			<string>sourcecode.c.objc</string>
			<key>path</key>
			<string>AppDelegate.m</string>
			<key>sourceTree</key>
			<string>&lt;group&gt;</string>
		</dict>
		<key>6E7E273F16FE1F5700173C51</key>
		<dict>
			<key>fileRef</key>
			<string>6E7E273E16FE1F5700173C51</string>
			<key>isa</key>
			<string>PBXBuildFile</string>
		</dict>
		<key>6E7E274016FE1F5700173C51</key>
		<dict>
			<key>isa</key>
			<string>PBXFileReference</string>
			<key>lastKnownFileType</key>
			<string>image.png</string>
			<key>path</key>
			<string>Default.png</string>
			<key>sourceTree</key>
			<string>&lt;group&gt;</string>
		</dict>
		<key>6E7E274116FE1F5700173C51</key>
		<dict>
			<key>fileRef</key>
			<string>6E7E274016FE1F5700173C51</string>
			<key>isa</key>
			<string>PBXBuildFile</string>
		</dict>
		<key>6E7E274216FE1F5700173C51</key>
		<dict>
			<key>isa</key>
			<string>PBXFileReference</string>
			<key>lastKnownFileType</key>
			<string>image.png</string>
			<key>path</key>
			<string>Default@2x.png</string>
			<key>sourceTree</key>
			<string>&lt;group&gt;</string>
		</dict>
		<key>6E7E274316FE1F5700173C51</key>
		<dict>
			<key>fileRef</key>
			<string>6E7E274216FE1F5700173C51</string>
			<key>isa</key>
			<string>PBXBuildFile</string>
		</dict>
		<key>6E7E274416FE1F5700173C51</key>
		<dict>
			<key>isa</key>
			<string>PBXFileReference</string>
			<key>lastKnownFileType</key>
			<string>image.png</string>
			<key>path</key>
			<string>Default-568h@2x.png</string>
			<key>sourceTree</key>
			<string>&lt;group&gt;</string>
		</dict>
		<key>6E7E274516FE1F5700173C51</key>
		<dict>
			<key>fileRef</key>
			<string>6E7E274416FE1F5700173C51</string>
			<key>isa</key>
			<string>PBXBuildFile</string>
		</dict>
		<key>6E7E274616FE1F5700173C51</key>
		<dict>
			<key>children</key>
			<array>
				<string>6E7E274716FE1F5700173C51</string>
			</array>
			<key>isa</key>
			<string>PBXVariantGroup</string>
			<key>name</key>
			<string>MainStoryboard_iPhone.storyboard</string>
			<key>sourceTree</key>
			<string>&lt;group&gt;</string>
		</dict>
		<key>6E7E274716FE1F5700173C51</key>
		<dict>
			<key>isa</key>
			<string>PBXFileReference</string>
			<key>lastKnownFileType</key>
			<string>file.storyboard</string>
			<key>name</key>
			<string>en</string>
			<key>path</key>
			<string>en.lproj/MainStoryboard_iPhone.storyboard</string>
			<key>sourceTree</key>
			<string>&lt;group&gt;</string>
		</dict>
		<key>6E7E274816FE1F5700173C51</key>
		<dict>
			<key>fileRef</key>
			<string>6E7E274616FE1F5700173C51</string>
			<key>isa</key>
			<string>PBXBuildFile</string>
		</dict>
		<key>6E7E274916FE1F5700173C51</key>
		<dict>
			<key>children</key>
			<array>
				<string>6E7E274A16FE1F5700173C51</string>
			</array>
			<key>isa</key>
			<string>PBXVariantGroup</string>
			<key>name</key>
			<string>MainStoryboard_iPad.storyboard</string>
			<key>sourceTree</key>
			<string>&lt;group&gt;</string>
		</dict>
		<key>6E7E274A16FE1F5700173C51</key>
		<dict>
			<key>isa</key>
			<string>PBXFileReference</string>
			<key>lastKnownFileType</key>
			<string>file.storyboard</string>
			<key>name</key>
			<string>en</string>
			<key>path</key>
			<string>en.lproj/MainStoryboard_iPad.storyboard</string>
			<key>sourceTree</key>
			<string>&lt;group&gt;</string>
		</dict>
		<key>6E7E274B16FE1F5700173C51</key>
		<dict>
			<key>fileRef</key>
			<string>6E7E274916FE1F5700173C51</string>
			<key>isa</key>
			<string>PBXBuildFile</string>
		</dict>
		<key>6E7E274C16FE1F5700173C51</key>
		<dict>
			<key>isa</key>
			<string>PBXFileReference</string>
			<key>lastKnownFileType</key>
			<string>sourcecode.c.h</string>
			<key>path</key>
			<string>ViewController.h</string>
			<key>sourceTree</key>
			<string>&lt;group&gt;</string>
		</dict>
		<key>6E7E274D16FE1F5700173C51</key>
		<dict>
			<key>isa</key>
			<string>PBXFileReference</string>
			<key>lastKnownFileType</key>
			<string>sourcecode.c.objc</string>
			<key>path</key>
			<string>ViewController.m</string>
			<key>sourceTree</key>
			<string>&lt;group&gt;</string>
		</dict>
		<key>6E7E274E16FE1F5700173C51</key>
		<dict>
			<key>fileRef</key>
			<string>6E7E274D16FE1F5700173C51</string>
			<key>isa</key>
			<string>PBXBuildFile</string>
		</dict>
		<key>6E7E274F16FE1F5700173C51</key>
		<dict>
			<key>buildSettings</key>
			<dict>
				<key>ALWAYS_SEARCH_USER_PATHS</key>
				<string>NO</string>
				<key>CLANG_CXX_LANGUAGE_STANDARD</key>
				<string>gnu++0x</string>
				<key>CLANG_CXX_LIBRARY</key>
				<string>libc++</string>
				<key>CLANG_ENABLE_OBJC_ARC</key>
				<string>YES</string>
				<key>CLANG_WARN_CONSTANT_CONVERSION</key>
				<string>YES</string>
				<key>CLANG_WARN_EMPTY_BODY</key>
				<string>YES</string>
				<key>CLANG_WARN_ENUM_CONVERSION</key>
				<string>YES</string>
				<key>CLANG_WARN_INT_CONVERSION</key>
				<string>YES</string>
				<key>CLANG_WARN__DUPLICATE_METHOD_MATCH</key>
				<string>YES</string>
				<key>CODE_SIGN_IDENTITY[sdk=iphoneos*]</key>
				<string>iPhone Developer</string>
				<key>COPY_PHASE_STRIP</key>
				<string>NO</string>
				<key>GCC_C_LANGUAGE_STANDARD</key>
				<string>gnu99</string>
				<key>GCC_DYNAMIC_NO_PIC</key>
				<string>NO</string>
				<key>GCC_OPTIMIZATION_LEVEL</key>
				<string>0</string>
				<key>GCC_PREPROCESSOR_DEFINITIONS</key>
				<array>
					<string>DEBUG=1</string>
					<string>$(inherited)</string>
				</array>
				<key>GCC_SYMBOLS_PRIVATE_EXTERN</key>
				<string>NO</string>
				<key>GCC_WARN_ABOUT_RETURN_TYPE</key>
				<string>YES</string>
				<key>GCC_WARN_UNINITIALIZED_AUTOS</key>
				<string>YES</string>
				<key>GCC_WARN_UNUSED_VARIABLE</key>
				<string>YES</string>
				<key>IPHONEOS_DEPLOYMENT_TARGET</key>
				<string>6.1</string>
				<key>ONLY_ACTIVE_ARCH</key>
				<string>YES</string>
				<key>SDKROOT</key>
				<string>iphoneos</string>
				<key>TARGETED_DEVICE_FAMILY</key>
				<string>1,2</string>
			</dict>
			<key>isa</key>
			<string>XCBuildConfiguration</string>
			<key>name</key>
			<string>Debug</string>
		</dict>
		<key>6E7E275016FE1F5700173C51</key>
		<dict>
			<key>buildSettings</key>
			<dict>
				<key>ALWAYS_SEARCH_USER_PATHS</key>
				<string>NO</string>
				<key>CLANG_CXX_LANGUAGE_STANDARD</key>
				<string>gnu++0x</string>
				<key>CLANG_CXX_LIBRARY</key>
				<string>libc++</string>
				<key>CLANG_ENABLE_OBJC_ARC</key>
				<string>YES</string>
				<key>CLANG_WARN_CONSTANT_CONVERSION</key>
				<string>YES</string>
				<key>CLANG_WARN_EMPTY_BODY</key>
				<string>YES</string>
				<key>CLANG_WARN_ENUM_CONVERSION</key>
				<string>YES</string>
				<key>CLANG_WARN_INT_CONVERSION</key>
				<string>YES</string>
				<key>CLANG_WARN__DUPLICATE_METHOD_MATCH</key>
				<string>YES</string>
				<key>CODE_SIGN_IDENTITY[sdk=iphoneos*]</key>
				<string>iPhone Developer</string>
				<key>COPY_PHASE_STRIP</key>
				<string>YES</string>
				<key>GCC_C_LANGUAGE_STANDARD</key>
				<string>gnu99</string>
				<key>GCC_WARN_ABOUT_RETURN_TYPE</key>
				<string>YES</string>
				<key>GCC_WARN_UNINITIALIZED_AUTOS</key>
				<string>YES</string>
				<key>GCC_WARN_UNUSED_VARIABLE</key>
				<string>YES</string>
				<key>IPHONEOS_DEPLOYMENT_TARGET</key>
				<string>6.1</string>
				<key>OTHER_CFLAGS</key>
				<string>-DNS_BLOCK_ASSERTIONS=1</string>
				<key>SDKROOT</key>
				<string>iphoneos</string>
				<key>TARGETED_DEVICE_FAMILY</key>
				<string>1,2</string>
				<key>VALIDATE_PRODUCT</key>
				<string>YES</string>
			</dict>
			<key>isa</key>
			<string>XCBuildConfiguration</string>
			<key>name</key>
			<string>Release</string>
		</dict>
		<key>6E7E275116FE1F5700173C51</key>
		<dict>
			<key>buildConfigurations</key>
			<array>
				<string>6E7E275216FE1F5700173C51</string>
				<string>6E7E275316FE1F5700173C51</string>
			</array>
			<key>defaultConfigurationIsVisible</key>
			<string>0</string>
			<key>defaultConfigurationName</key>
			<string>Release</string>
			<key>isa</key>
			<string>XCConfigurationList</string>
		</dict>
		<key>6E7E275216FE1F5700173C51</key>
		<dict>
			<key>baseConfigurationReference</key>
			<string>47C718BF2DE5DD8E2840B8A4</string>
			<key>buildSettings</key>
			<dict>
				<key>FRAMEWORK_SEARCH_PATHS</key>
				<array>
					<string>$(inherited)</string>
					<string>"$(SRCROOT)"</string>
				</array>
				<key>GCC_PRECOMPILE_PREFIX_HEADER</key>
				<string>YES</string>
				<key>GCC_PREFIX_HEADER</key>
				<string>Graviewty/Graviewty-Prefix.pch</string>
				<key>INFOPLIST_FILE</key>
				<string>Graviewty/Graviewty-Info.plist</string>
				<key>PRODUCT_NAME</key>
				<string>$(TARGET_NAME)</string>
				<key>WRAPPER_EXTENSION</key>
				<string>app</string>
			</dict>
			<key>isa</key>
			<string>XCBuildConfiguration</string>
			<key>name</key>
			<string>Debug</string>
		</dict>
		<key>6E7E275316FE1F5700173C51</key>
		<dict>
			<key>baseConfigurationReference</key>
			<string>02B7050008D187F31E5984E5</string>
			<key>buildSettings</key>
			<dict>
				<key>FRAMEWORK_SEARCH_PATHS</key>
				<array>
					<string>$(inherited)</string>
					<string>"$(SRCROOT)"</string>
				</array>
				<key>GCC_PRECOMPILE_PREFIX_HEADER</key>
				<string>YES</string>
				<key>GCC_PREFIX_HEADER</key>
				<string>Graviewty/Graviewty-Prefix.pch</string>
				<key>INFOPLIST_FILE</key>
				<string>Graviewty/Graviewty-Info.plist</string>
				<key>PRODUCT_NAME</key>
				<string>$(TARGET_NAME)</string>
				<key>WRAPPER_EXTENSION</key>
				<string>app</string>
			</dict>
			<key>isa</key>
			<string>XCBuildConfiguration</string>
			<key>name</key>
			<string>Release</string>
		</dict>
		<key>6E7E275616FE1FA900173C51</key>
		<dict>
			<key>fileEncoding</key>
			<string>4</string>
			<key>isa</key>
			<string>PBXFileReference</string>
			<key>lastKnownFileType</key>
			<string>sourcecode.c.h</string>
			<key>path</key>
			<string>WSColorPalette.h</string>
			<key>sourceTree</key>
			<string>&lt;group&gt;</string>
		</dict>
		<key>6E7E275716FE1FA900173C51</key>
		<dict>
			<key>fileEncoding</key>
			<string>4</string>
			<key>isa</key>
			<string>PBXFileReference</string>
			<key>lastKnownFileType</key>
			<string>sourcecode.c.objc</string>
			<key>path</key>
			<string>WSColorPalette.m</string>
			<key>sourceTree</key>
			<string>&lt;group&gt;</string>
		</dict>
		<key>6E7E275916FE1FA900173C51</key>
		<dict>
			<key>fileRef</key>
			<string>6E7E275716FE1FA900173C51</string>
			<key>isa</key>
			<string>PBXBuildFile</string>
		</dict>
		<key>6E7E275C16FE208E00173C51</key>
		<dict>
			<key>isa</key>
			<string>PBXFileReference</string>
			<key>lastKnownFileType</key>
			<string>wrapper.framework</string>
			<key>name</key>
			<string>CoreMotion.framework</string>
			<key>path</key>
			<string>System/Library/Frameworks/CoreMotion.framework</string>
			<key>sourceTree</key>
			<string>SDKROOT</string>
		</dict>
		<key>6E7E275D16FE208E00173C51</key>
		<dict>
			<key>fileRef</key>
			<string>6E7E275C16FE208E00173C51</string>
			<key>isa</key>
			<string>PBXBuildFile</string>
		</dict>
		<key>6E7E275E16FE20EF00173C51</key>
		<dict>
			<key>fileEncoding</key>
			<string>4</string>
			<key>isa</key>
			<string>PBXFileReference</string>
			<key>lastKnownFileType</key>
			<string>sourcecode.c.h</string>
			<key>path</key>
			<string>WSVectorLogoView.h</string>
			<key>sourceTree</key>
			<string>&lt;group&gt;</string>
		</dict>
		<key>6E7E275F16FE20EF00173C51</key>
		<dict>
			<key>fileEncoding</key>
			<string>4</string>
			<key>isa</key>
			<string>PBXFileReference</string>
			<key>lastKnownFileType</key>
			<string>sourcecode.c.objc</string>
			<key>path</key>
			<string>WSVectorLogoView.m</string>
			<key>sourceTree</key>
			<string>&lt;group&gt;</string>
		</dict>
		<key>6E7E276016FE20EF00173C51</key>
		<dict>
			<key>fileEncoding</key>
			<string>4</string>
			<key>isa</key>
			<string>PBXFileReference</string>
			<key>lastKnownFileType</key>
			<string>sourcecode.c.h</string>
			<key>path</key>
			<string>WSGravityButton.h</string>
			<key>sourceTree</key>
			<string>&lt;group&gt;</string>
		</dict>
		<key>6E7E276116FE20EF00173C51</key>
		<dict>
			<key>fileEncoding</key>
			<string>4</string>
			<key>isa</key>
			<string>PBXFileReference</string>
			<key>lastKnownFileType</key>
			<string>sourcecode.c.objc</string>
			<key>path</key>
			<string>WSGravityButton.m</string>
			<key>sourceTree</key>
			<string>&lt;group&gt;</string>
		</dict>
		<key>6E7E276216FE20EF00173C51</key>
		<dict>
			<key>fileEncoding</key>
			<string>4</string>
			<key>isa</key>
			<string>PBXFileReference</string>
			<key>lastKnownFileType</key>
			<string>sourcecode.c.h</string>
			<key>path</key>
			<string>WSMotionManager.h</string>
			<key>sourceTree</key>
			<string>&lt;group&gt;</string>
		</dict>
		<key>6E7E276316FE20EF00173C51</key>
		<dict>
			<key>fileEncoding</key>
			<string>4</string>
			<key>isa</key>
			<string>PBXFileReference</string>
			<key>lastKnownFileType</key>
			<string>sourcecode.c.objc</string>
			<key>path</key>
			<string>WSMotionManager.m</string>
			<key>sourceTree</key>
			<string>&lt;group&gt;</string>
		</dict>
		<key>6E7E276416FE20EF00173C51</key>
		<dict>
			<key>fileRef</key>
			<string>6E7E275F16FE20EF00173C51</string>
			<key>isa</key>
			<string>PBXBuildFile</string>
		</dict>
		<key>6E7E276516FE20EF00173C51</key>
		<dict>
			<key>fileRef</key>
			<string>6E7E276116FE20EF00173C51</string>
			<key>isa</key>
			<string>PBXBuildFile</string>
		</dict>
		<key>6E7E276616FE20EF00173C51</key>
		<dict>
			<key>fileRef</key>
			<string>6E7E276316FE20EF00173C51</string>
			<key>isa</key>
			<string>PBXBuildFile</string>
		</dict>
		<key>6E7E276716FE211100173C51</key>
		<dict>
			<key>fileEncoding</key>
			<string>4</string>
			<key>isa</key>
			<string>PBXFileReference</string>
			<key>lastKnownFileType</key>
			<string>sourcecode.c.h</string>
			<key>path</key>
			<string>MAKVONotificationCenter.h</string>
			<key>sourceTree</key>
			<string>&lt;group&gt;</string>
		</dict>
		<key>6E7E276816FE211100173C51</key>
		<dict>
			<key>fileEncoding</key>
			<string>4</string>
			<key>isa</key>
			<string>PBXFileReference</string>
			<key>lastKnownFileType</key>
			<string>sourcecode.c.objc</string>
			<key>path</key>
			<string>MAKVONotificationCenter.m</string>
			<key>sourceTree</key>
			<string>&lt;group&gt;</string>
		</dict>
		<key>6E7E276916FE211100173C51</key>
		<dict>
			<key>fileRef</key>
			<string>6E7E276816FE211100173C51</string>
			<key>isa</key>
			<string>PBXBuildFile</string>
		</dict>
		<key>9D136EC3349E3864A3F3A053</key>
		<dict>
			<key>explicitFileType</key>
			<string>archive.ar</string>
			<key>includeInIndex</key>
			<string>0</string>
			<key>isa</key>
			<string>PBXFileReference</string>
			<key>path</key>
			<string>libPods.a</string>
			<key>sourceTree</key>
			<string>BUILT_PRODUCTS_DIR</string>
		</dict>
		<key>BE86D063F7B193CBD2996C21</key>
		<dict>
			<key>fileRef</key>
			<string>9D136EC3349E3864A3F3A053</string>
			<key>isa</key>
			<string>PBXBuildFile</string>
		</dict>
		<key>CDB11D6718C365C91DC7CC03</key>
		<dict>
			<key>buildActionMask</key>
			<string>2147483647</string>
			<key>files</key>
			<array/>
			<key>inputPaths</key>
			<array/>
			<key>isa</key>
			<string>PBXShellScriptBuildPhase</string>
			<key>name</key>
			<string>Check Pods Manifest.lock</string>
			<key>outputPaths</key>
			<array/>
			<key>runOnlyForDeploymentPostprocessing</key>
			<string>0</string>
			<key>shellPath</key>
			<string>/bin/sh</string>
			<key>shellScript</key>
			<string>diff "${PODS_ROOT}/../Podfile.lock" "${PODS_ROOT}/Manifest.lock" &gt; /dev/null
if [[ $? != 0 ]] ; then
    cat &lt;&lt; EOM
error: The sandbox is not in sync with the Podfile.lock. Run 'pod install' or update your CocoaPods installation.
EOM
    exit 1
fi
</string>
			<key>showEnvVarsInLog</key>
			<string>0</string>
		</dict>
	</dict>
	<key>rootObject</key>
	<string>6E7E272316FE1F5700173C51</string>
</dict>
</plist>
